
Microsoft Visual Studio Solution File, Format Version 12.00
# Visual Studio Version 17
VisualStudioVersion = 17.11.35312.102
MinimumVisualStudioVersion = 10.0.40219.1
Project("{FAE04EC0-301F-11D3-BF4B-00C04F79EFBC}") = "Day13", "Day13\Day13.csproj", "{C55C33AB-00BC-46E1-864E-2218308E76F1}"
EndProject
Project("{FAE04EC0-301F-11D3-BF4B-00C04F79EFBC}") = "Enum", "Enum\Enum.csproj", "{4FDC9E12-FD2B-4806-8B02-B047EB9EB128}"
EndProject
Global
	GlobalSection(SolutionConfigurationPlatforms) = preSolution
		Debug|Any CPU = Debug|Any CPU
		Release|Any CPU = Release|Any CPU
	EndGlobalSection
	GlobalSection(ProjectConfigurationPlatforms) = postSolution
		{C55C33AB-00BC-46E1-864E-2218308E76F1}.Debug|Any CPU.ActiveCfg = Debug|Any CPU
		{C55C33AB-00BC-46E1-864E-2218308E76F1}.Debug|Any CPU.Build.0 = Debug|Any CPU
		{C55C33AB-00BC-46E1-864E-2218308E76F1}.Release|Any CPU.ActiveCfg = Release|Any CPU
		{C55C33AB-00BC-46E1-864E-2218308E76F1}.Release|Any CPU.Build.0 = Release|Any CPU
		{4FDC9E12-FD2B-4806-8B02-B047EB9EB128}.Debug|Any CPU.ActiveCfg = Debug|Any CPU
		{4FDC9E12-FD2B-4806-8B02-B047EB9EB128}.Debug|Any CPU.Build.0 = Debug|Any CPU
		{4FDC9E12-FD2B-4806-8B02-B047EB9EB128}.Release|Any CPU.ActiveCfg = Release|Any CPU
		{4FDC9E12-FD2B-4806-8B02-B047EB9EB128}.Release|Any CPU.Build.0 = Release|Any CPU
	EndGlobalSection
	GlobalSection(SolutionProperties) = preSolution
		HideSolutionNode = FALSE
	EndGlobalSection
	GlobalSection(ExtensibilityGlobals) = postSolution
		SolutionGuid = {03696D3F-0426-46D5-8E4F-CA195CEB51C0}
	EndGlobalSection
EndGlobal
