
Microsoft Visual Studio Solution File, Format Version 12.00
# Visual Studio Version 17
VisualStudioVersion = 17.11.35312.102
MinimumVisualStudioVersion = 10.0.40219.1
Project("{FAE04EC0-301F-11D3-BF4B-00C04F79EFBC}") = "AssignmentDay15", "AssignmentDay15\AssignmentDay15.csproj", "{5C71621D-EB0F-4C62-9D9F-7724246E3181}"
EndProject
Project("{FAE04EC0-301F-11D3-BF4B-00C04F79EFBC}") = "Q2", "Q2\Q2.csproj", "{FEEC9D6A-E4CF-42F8-B253-D578F950408B}"
EndProject
Project("{FAE04EC0-301F-11D3-BF4B-00C04F79EFBC}") = "Q3", "Q3\Q3.csproj", "{FD95A001-D4EB-43E4-BE1A-C3E2D68AC801}"
EndProject
Project("{FAE04EC0-301F-11D3-BF4B-00C04F79EFBC}") = "Q4", "Q4\Q4.csproj", "{0A0AE8E5-7D84-45C2-87AB-5802B7A69B39}"
EndProject
Project("{FAE04EC0-301F-11D3-BF4B-00C04F79EFBC}") = "Q5", "Q5\Q5.csproj", "{DDF1C2CD-E143-42F1-8E78-B27EB19D0A34}"
EndProject
Project("{FAE04EC0-301F-11D3-BF4B-00C04F79EFBC}") = "Q6", "Q6\Q6.csproj", "{DC5EC2C1-BEF0-4201-AC89-442CF7436FAD}"
EndProject
Project("{FAE04EC0-301F-11D3-BF4B-00C04F79EFBC}") = "Q7", "Q7\Q7.csproj", "{CF7E7A8C-FCB8-4B83-9609-D369EC6C3AAC}"
EndProject
Project("{FAE04EC0-301F-11D3-BF4B-00C04F79EFBC}") = "Q8", "Q8\Q8.csproj", "{D822D604-6B88-479E-852C-277BAFA790D0}"
EndProject
Project("{FAE04EC0-301F-11D3-BF4B-00C04F79EFBC}") = "Q9&Q10", "Q9\Q9&Q10.csproj", "{9D6D1BFC-DCF1-4897-B5AA-293D2061218C}"
EndProject
Project("{FAE04EC0-301F-11D3-BF4B-00C04F79EFBC}") = "Q14", "Q14\Q14.csproj", "{B1ABD178-E3D7-4798-A490-FB5980A89459}"
EndProject
Project("{FAE04EC0-301F-11D3-BF4B-00C04F79EFBC}") = "Q17", "Q17\Q17.csproj", "{F757C0CD-7366-487D-BD8A-E74D17372F66}"
EndProject
Project("{FAE04EC0-301F-11D3-BF4B-00C04F79EFBC}") = "Q18", "Q18\Q18.csproj", "{3E6B156A-CD65-413B-8DA0-27B404654C60}"
EndProject
Project("{FAE04EC0-301F-11D3-BF4B-00C04F79EFBC}") = "Q19", "Q19\Q19.csproj", "{D3E6296D-472E-4F40-886A-C444F483F7A4}"
EndProject
Project("{FAE04EC0-301F-11D3-BF4B-00C04F79EFBC}") = "Q20", "Q20\Q20.csproj", "{0F725F69-2783-4553-B7C2-2FCB70F579D4}"
EndProject
Project("{FAE04EC0-301F-11D3-BF4B-00C04F79EFBC}") = "BankingLinq", "BankingLinq\BankingLinq.csproj", "{00251381-13B8-473A-BB00-98EEC9A64C2A}"
EndProject
Project("{FAE04EC0-301F-11D3-BF4B-00C04F79EFBC}") = "ExtensionMethods", "ExtensionMethods\ExtensionMethods.csproj", "{AD4C85A9-63ED-4EBF-9F43-920BD2DF7875}"
EndProject
Project("{FAE04EC0-301F-11D3-BF4B-00C04F79EFBC}") = "Tuple", "Tuple\Tuple.csproj", "{C4111A00-62A5-4D4B-BD36-8D1A93C4A6D5}"
EndProject
Global
	GlobalSection(SolutionConfigurationPlatforms) = preSolution
		Debug|Any CPU = Debug|Any CPU
		Release|Any CPU = Release|Any CPU
	EndGlobalSection
	GlobalSection(ProjectConfigurationPlatforms) = postSolution
		{5C71621D-EB0F-4C62-9D9F-7724246E3181}.Debug|Any CPU.ActiveCfg = Debug|Any CPU
		{5C71621D-EB0F-4C62-9D9F-7724246E3181}.Debug|Any CPU.Build.0 = Debug|Any CPU
		{5C71621D-EB0F-4C62-9D9F-7724246E3181}.Release|Any CPU.ActiveCfg = Release|Any CPU
		{5C71621D-EB0F-4C62-9D9F-7724246E3181}.Release|Any CPU.Build.0 = Release|Any CPU
		{FEEC9D6A-E4CF-42F8-B253-D578F950408B}.Debug|Any CPU.ActiveCfg = Debug|Any CPU
		{FEEC9D6A-E4CF-42F8-B253-D578F950408B}.Debug|Any CPU.Build.0 = Debug|Any CPU
		{FEEC9D6A-E4CF-42F8-B253-D578F950408B}.Release|Any CPU.ActiveCfg = Release|Any CPU
		{FEEC9D6A-E4CF-42F8-B253-D578F950408B}.Release|Any CPU.Build.0 = Release|Any CPU
		{FD95A001-D4EB-43E4-BE1A-C3E2D68AC801}.Debug|Any CPU.ActiveCfg = Debug|Any CPU
		{FD95A001-D4EB-43E4-BE1A-C3E2D68AC801}.Debug|Any CPU.Build.0 = Debug|Any CPU
		{FD95A001-D4EB-43E4-BE1A-C3E2D68AC801}.Release|Any CPU.ActiveCfg = Release|Any CPU
		{FD95A001-D4EB-43E4-BE1A-C3E2D68AC801}.Release|Any CPU.Build.0 = Release|Any CPU
		{0A0AE8E5-7D84-45C2-87AB-5802B7A69B39}.Debug|Any CPU.ActiveCfg = Debug|Any CPU
		{0A0AE8E5-7D84-45C2-87AB-5802B7A69B39}.Debug|Any CPU.Build.0 = Debug|Any CPU
		{0A0AE8E5-7D84-45C2-87AB-5802B7A69B39}.Release|Any CPU.ActiveCfg = Release|Any CPU
		{0A0AE8E5-7D84-45C2-87AB-5802B7A69B39}.Release|Any CPU.Build.0 = Release|Any CPU
		{DDF1C2CD-E143-42F1-8E78-B27EB19D0A34}.Debug|Any CPU.ActiveCfg = Debug|Any CPU
		{DDF1C2CD-E143-42F1-8E78-B27EB19D0A34}.Debug|Any CPU.Build.0 = Debug|Any CPU
		{DDF1C2CD-E143-42F1-8E78-B27EB19D0A34}.Release|Any CPU.ActiveCfg = Release|Any CPU
		{DDF1C2CD-E143-42F1-8E78-B27EB19D0A34}.Release|Any CPU.Build.0 = Release|Any CPU
		{DC5EC2C1-BEF0-4201-AC89-442CF7436FAD}.Debug|Any CPU.ActiveCfg = Debug|Any CPU
		{DC5EC2C1-BEF0-4201-AC89-442CF7436FAD}.Debug|Any CPU.Build.0 = Debug|Any CPU
		{DC5EC2C1-BEF0-4201-AC89-442CF7436FAD}.Release|Any CPU.ActiveCfg = Release|Any CPU
		{DC5EC2C1-BEF0-4201-AC89-442CF7436FAD}.Release|Any CPU.Build.0 = Release|Any CPU
		{CF7E7A8C-FCB8-4B83-9609-D369EC6C3AAC}.Debug|Any CPU.ActiveCfg = Debug|Any CPU
		{CF7E7A8C-FCB8-4B83-9609-D369EC6C3AAC}.Debug|Any CPU.Build.0 = Debug|Any CPU
		{CF7E7A8C-FCB8-4B83-9609-D369EC6C3AAC}.Release|Any CPU.ActiveCfg = Release|Any CPU
		{CF7E7A8C-FCB8-4B83-9609-D369EC6C3AAC}.Release|Any CPU.Build.0 = Release|Any CPU
		{D822D604-6B88-479E-852C-277BAFA790D0}.Debug|Any CPU.ActiveCfg = Debug|Any CPU
		{D822D604-6B88-479E-852C-277BAFA790D0}.Debug|Any CPU.Build.0 = Debug|Any CPU
		{D822D604-6B88-479E-852C-277BAFA790D0}.Release|Any CPU.ActiveCfg = Release|Any CPU
		{D822D604-6B88-479E-852C-277BAFA790D0}.Release|Any CPU.Build.0 = Release|Any CPU
		{9D6D1BFC-DCF1-4897-B5AA-293D2061218C}.Debug|Any CPU.ActiveCfg = Debug|Any CPU
		{9D6D1BFC-DCF1-4897-B5AA-293D2061218C}.Debug|Any CPU.Build.0 = Debug|Any CPU
		{9D6D1BFC-DCF1-4897-B5AA-293D2061218C}.Release|Any CPU.ActiveCfg = Release|Any CPU
		{9D6D1BFC-DCF1-4897-B5AA-293D2061218C}.Release|Any CPU.Build.0 = Release|Any CPU
		{B1ABD178-E3D7-4798-A490-FB5980A89459}.Debug|Any CPU.ActiveCfg = Debug|Any CPU
		{B1ABD178-E3D7-4798-A490-FB5980A89459}.Debug|Any CPU.Build.0 = Debug|Any CPU
		{B1ABD178-E3D7-4798-A490-FB5980A89459}.Release|Any CPU.ActiveCfg = Release|Any CPU
		{B1ABD178-E3D7-4798-A490-FB5980A89459}.Release|Any CPU.Build.0 = Release|Any CPU
		{F757C0CD-7366-487D-BD8A-E74D17372F66}.Debug|Any CPU.ActiveCfg = Debug|Any CPU
		{F757C0CD-7366-487D-BD8A-E74D17372F66}.Debug|Any CPU.Build.0 = Debug|Any CPU
		{F757C0CD-7366-487D-BD8A-E74D17372F66}.Release|Any CPU.ActiveCfg = Release|Any CPU
		{F757C0CD-7366-487D-BD8A-E74D17372F66}.Release|Any CPU.Build.0 = Release|Any CPU
		{3E6B156A-CD65-413B-8DA0-27B404654C60}.Debug|Any CPU.ActiveCfg = Debug|Any CPU
		{3E6B156A-CD65-413B-8DA0-27B404654C60}.Debug|Any CPU.Build.0 = Debug|Any CPU
		{3E6B156A-CD65-413B-8DA0-27B404654C60}.Release|Any CPU.ActiveCfg = Release|Any CPU
		{3E6B156A-CD65-413B-8DA0-27B404654C60}.Release|Any CPU.Build.0 = Release|Any CPU
		{D3E6296D-472E-4F40-886A-C444F483F7A4}.Debug|Any CPU.ActiveCfg = Debug|Any CPU
		{D3E6296D-472E-4F40-886A-C444F483F7A4}.Debug|Any CPU.Build.0 = Debug|Any CPU
		{D3E6296D-472E-4F40-886A-C444F483F7A4}.Release|Any CPU.ActiveCfg = Release|Any CPU
		{D3E6296D-472E-4F40-886A-C444F483F7A4}.Release|Any CPU.Build.0 = Release|Any CPU
		{0F725F69-2783-4553-B7C2-2FCB70F579D4}.Debug|Any CPU.ActiveCfg = Debug|Any CPU
		{0F725F69-2783-4553-B7C2-2FCB70F579D4}.Debug|Any CPU.Build.0 = Debug|Any CPU
		{0F725F69-2783-4553-B7C2-2FCB70F579D4}.Release|Any CPU.ActiveCfg = Release|Any CPU
		{0F725F69-2783-4553-B7C2-2FCB70F579D4}.Release|Any CPU.Build.0 = Release|Any CPU
		{00251381-13B8-473A-BB00-98EEC9A64C2A}.Debug|Any CPU.ActiveCfg = Debug|Any CPU
		{00251381-13B8-473A-BB00-98EEC9A64C2A}.Debug|Any CPU.Build.0 = Debug|Any CPU
		{00251381-13B8-473A-BB00-98EEC9A64C2A}.Release|Any CPU.ActiveCfg = Release|Any CPU
		{00251381-13B8-473A-BB00-98EEC9A64C2A}.Release|Any CPU.Build.0 = Release|Any CPU
		{AD4C85A9-63ED-4EBF-9F43-920BD2DF7875}.Debug|Any CPU.ActiveCfg = Debug|Any CPU
		{AD4C85A9-63ED-4EBF-9F43-920BD2DF7875}.Debug|Any CPU.Build.0 = Debug|Any CPU
		{AD4C85A9-63ED-4EBF-9F43-920BD2DF7875}.Release|Any CPU.ActiveCfg = Release|Any CPU
		{AD4C85A9-63ED-4EBF-9F43-920BD2DF7875}.Release|Any CPU.Build.0 = Release|Any CPU
		{C4111A00-62A5-4D4B-BD36-8D1A93C4A6D5}.Debug|Any CPU.ActiveCfg = Debug|Any CPU
		{C4111A00-62A5-4D4B-BD36-8D1A93C4A6D5}.Debug|Any CPU.Build.0 = Debug|Any CPU
		{C4111A00-62A5-4D4B-BD36-8D1A93C4A6D5}.Release|Any CPU.ActiveCfg = Release|Any CPU
		{C4111A00-62A5-4D4B-BD36-8D1A93C4A6D5}.Release|Any CPU.Build.0 = Release|Any CPU
	EndGlobalSection
	GlobalSection(SolutionProperties) = preSolution
		HideSolutionNode = FALSE
	EndGlobalSection
	GlobalSection(ExtensibilityGlobals) = postSolution
		SolutionGuid = {A5C6F4A3-A645-4898-9C63-C316F4578361}
	EndGlobalSection
EndGlobal
