
Microsoft Visual Studio Solution File, Format Version 12.00
# Visual Studio Version 17
VisualStudioVersion = 17.11.35312.102
MinimumVisualStudioVersion = 10.0.40219.1
Project("{FAE04EC0-301F-11D3-BF4B-00C04F79EFBC}") = "EcommerceCartManagement", "EcommerceCartManagement\EcommerceCartManagement.csproj", "{2DA7FB56-DE8F-464C-BFAF-A19B38669CC6}"
EndProject
Global
	GlobalSection(SolutionConfigurationPlatforms) = preSolution
		Debug|Any CPU = Debug|Any CPU
		Release|Any CPU = Release|Any CPU
	EndGlobalSection
	GlobalSection(ProjectConfigurationPlatforms) = postSolution
		{2DA7FB56-DE8F-464C-BFAF-A19B38669CC6}.Debug|Any CPU.ActiveCfg = Debug|Any CPU
		{2DA7FB56-DE8F-464C-BFAF-A19B38669CC6}.Debug|Any CPU.Build.0 = Debug|Any CPU
		{2DA7FB56-DE8F-464C-BFAF-A19B38669CC6}.Release|Any CPU.ActiveCfg = Release|Any CPU
		{2DA7FB56-DE8F-464C-BFAF-A19B38669CC6}.Release|Any CPU.Build.0 = Release|Any CPU
	EndGlobalSection
	GlobalSection(SolutionProperties) = preSolution
		HideSolutionNode = FALSE
	EndGlobalSection
	GlobalSection(ExtensibilityGlobals) = postSolution
		SolutionGuid = {376F0E5E-730A-48BE-A0C8-730DE188C033}
	EndGlobalSection
EndGlobal
