
Microsoft Visual Studio Solution File, Format Version 12.00
# Visual Studio Version 17
VisualStudioVersion = 17.11.35312.102
MinimumVisualStudioVersion = 10.0.40219.1
Project("{FAE04EC0-301F-11D3-BF4B-00C04F79EFBC}") = "CreditCard", "CreditCard\CreditCard.csproj", "{3608996C-F0BF-4644-9A57-5A37A6D70911}"
EndProject
Global
	GlobalSection(SolutionConfigurationPlatforms) = preSolution
		Debug|Any CPU = Debug|Any CPU
		Release|Any CPU = Release|Any CPU
	EndGlobalSection
	GlobalSection(ProjectConfigurationPlatforms) = postSolution
		{3608996C-F0BF-4644-9A57-5A37A6D70911}.Debug|Any CPU.ActiveCfg = Debug|Any CPU
		{3608996C-F0BF-4644-9A57-5A37A6D70911}.Debug|Any CPU.Build.0 = Debug|Any CPU
		{3608996C-F0BF-4644-9A57-5A37A6D70911}.Release|Any CPU.ActiveCfg = Release|Any CPU
		{3608996C-F0BF-4644-9A57-5A37A6D70911}.Release|Any CPU.Build.0 = Release|Any CPU
	EndGlobalSection
	GlobalSection(SolutionProperties) = preSolution
		HideSolutionNode = FALSE
	EndGlobalSection
	GlobalSection(ExtensibilityGlobals) = postSolution
		SolutionGuid = {31DE7BE3-DD8B-41EE-A04F-0B2729339F63}
	EndGlobalSection
EndGlobal
