
Microsoft Visual Studio Solution File, Format Version 12.00
# Visual Studio Version 17
VisualStudioVersion = 17.11.35312.102
MinimumVisualStudioVersion = 10.0.40219.1
Project("{FAE04EC0-301F-11D3-BF4B-00C04F79EFBC}") = "DoctorManagementApp", "DoctorManagementApp\DoctorManagementApp.csproj", "{7774E46A-8EAD-484D-91AE-53055F2DD6CE}"
EndProject
Global
	GlobalSection(SolutionConfigurationPlatforms) = preSolution
		Debug|Any CPU = Debug|Any CPU
		Release|Any CPU = Release|Any CPU
	EndGlobalSection
	GlobalSection(ProjectConfigurationPlatforms) = postSolution
		{7774E46A-8EAD-484D-91AE-53055F2DD6CE}.Debug|Any CPU.ActiveCfg = Debug|Any CPU
		{7774E46A-8EAD-484D-91AE-53055F2DD6CE}.Debug|Any CPU.Build.0 = Debug|Any CPU
		{7774E46A-8EAD-484D-91AE-53055F2DD6CE}.Release|Any CPU.ActiveCfg = Release|Any CPU
		{7774E46A-8EAD-484D-91AE-53055F2DD6CE}.Release|Any CPU.Build.0 = Release|Any CPU
	EndGlobalSection
	GlobalSection(SolutionProperties) = preSolution
		HideSolutionNode = FALSE
	EndGlobalSection
	GlobalSection(ExtensibilityGlobals) = postSolution
		SolutionGuid = {2F166430-E072-42C5-8D72-FBDFC5DF7BB9}
	EndGlobalSection
EndGlobal
