
Microsoft Visual Studio Solution File, Format Version 12.00
# Visual Studio Version 17
VisualStudioVersion = 17.11.35312.102
MinimumVisualStudioVersion = 10.0.40219.1
Project("{FAE04EC0-301F-11D3-BF4B-00C04F79EFBC}") = "Exampleprograms", "Exampleprograms\Exampleprograms.csproj", "{A7B7A9F0-5396-476E-ABBC-26CD866224AA}"
EndProject
Global
	GlobalSection(SolutionConfigurationPlatforms) = preSolution
		Debug|Any CPU = Debug|Any CPU
		Release|Any CPU = Release|Any CPU
	EndGlobalSection
	GlobalSection(ProjectConfigurationPlatforms) = postSolution
		{A7B7A9F0-5396-476E-ABBC-26CD866224AA}.Debug|Any CPU.ActiveCfg = Debug|Any CPU
		{A7B7A9F0-5396-476E-ABBC-26CD866224AA}.Debug|Any CPU.Build.0 = Debug|Any CPU
		{A7B7A9F0-5396-476E-ABBC-26CD866224AA}.Release|Any CPU.ActiveCfg = Release|Any CPU
		{A7B7A9F0-5396-476E-ABBC-26CD866224AA}.Release|Any CPU.Build.0 = Release|Any CPU
	EndGlobalSection
	GlobalSection(SolutionProperties) = preSolution
		HideSolutionNode = FALSE
	EndGlobalSection
	GlobalSection(ExtensibilityGlobals) = postSolution
		SolutionGuid = {246CFAFE-F0E9-4820-996D-D5774A7A0DB3}
	EndGlobalSection
EndGlobal
