
Microsoft Visual Studio Solution File, Format Version 12.00
# Visual Studio Version 17
VisualStudioVersion = 17.11.35312.102
MinimumVisualStudioVersion = 10.0.40219.1
Project("{FAE04EC0-301F-11D3-BF4B-00C04F79EFBC}") = "AssignmentQuestions", "AssignmentQuestions\AssignmentQuestions.csproj", "{346D4AF4-186C-4CC3-AD3E-5AAA0081E597}"
EndProject
Project("{FAE04EC0-301F-11D3-BF4B-00C04F79EFBC}") = "VehicleQ2", "VehicleQ2\VehicleQ2.csproj", "{C4E2944C-C878-4256-BD9C-8D61ECF33A6C}"
EndProject
Project("{FAE04EC0-301F-11D3-BF4B-00C04F79EFBC}") = "IanimalQ3", "IanimalQ3\IanimalQ3.csproj", "{3AA32B22-450C-49D6-843C-FAF37C5F6C45}"
EndProject
Project("{FAE04EC0-301F-11D3-BF4B-00C04F79EFBC}") = "IcalcuQ4", "IcalcuQ4\IcalcuQ4.csproj", "{5E5994D6-9F2A-4373-849B-48FE34AB7083}"
EndProject
Project("{FAE04EC0-301F-11D3-BF4B-00C04F79EFBC}") = "DeleQ5", "DeleQ5\DeleQ5.csproj", "{F3605FB8-6F00-4C9A-A8D7-80F8A1F0F687}"
EndProject
Project("{FAE04EC0-301F-11D3-BF4B-00C04F79EFBC}") = "DelMsgQ6", "DelMsgQ6\DelMsgQ6.csproj", "{87A616C2-92BB-4EFE-B2C6-85CFE4456F62}"
EndProject
Project("{FAE04EC0-301F-11D3-BF4B-00C04F79EFBC}") = "FnDelQ7", "FnDelQ7\FnDelQ7.csproj", "{6D98C81E-F42C-41A0-B075-1C071FD3908F}"
EndProject
Project("{FAE04EC0-301F-11D3-BF4B-00C04F79EFBC}") = "DelQ8", "DelQ8\DelQ8.csproj", "{C64F7A3A-09F5-427C-934F-F631B2E08828}"
EndProject
Project("{FAE04EC0-301F-11D3-BF4B-00C04F79EFBC}") = "DelQ9", "DelQ9\DelQ9.csproj", "{B3096B44-EEBE-46AF-85FD-8144CE30DCD8}"
EndProject
Project("{FAE04EC0-301F-11D3-BF4B-00C04F79EFBC}") = "DelSumQue10", "DelSumQue10\DelSumQue10.csproj", "{B8AC3D42-73A3-4882-9CFB-5E3750FC0B4A}"
EndProject
Project("{FAE04EC0-301F-11D3-BF4B-00C04F79EFBC}") = "PredEvenQ11", "PredEvenQ11\PredEvenQ11.csproj", "{D14C8379-C8CB-416A-A98C-D9EF8AD8F0A7}"
EndProject
Project("{FAE04EC0-301F-11D3-BF4B-00C04F79EFBC}") = "Q12", "Q12\Q12.csproj", "{5213CE36-0B1E-445E-89A8-7CD1CFEA15A6}"
EndProject
Project("{FAE04EC0-301F-11D3-BF4B-00C04F79EFBC}") = "Q13", "Q13\Q13.csproj", "{9BD64D79-61ED-4C1A-8632-68BB372D0FF8}"
EndProject
Project("{FAE04EC0-301F-11D3-BF4B-00C04F79EFBC}") = "PersonQ14", "PersonQ14\PersonQ14.csproj", "{12FCB5A0-51CD-4341-9274-19B076B942BF}"
EndProject
Project("{FAE04EC0-301F-11D3-BF4B-00C04F79EFBC}") = "VirtualQ15", "VirtualQ15\VirtualQ15.csproj", "{02E487C8-6533-4A84-B038-519DB378399B}"
EndProject
Project("{FAE04EC0-301F-11D3-BF4B-00C04F79EFBC}") = "Q16", "Q16\Q16.csproj", "{0B35D0D1-EAB1-4339-AC90-7DA9CDE8C27C}"
EndProject
Global
	GlobalSection(SolutionConfigurationPlatforms) = preSolution
		Debug|Any CPU = Debug|Any CPU
		Release|Any CPU = Release|Any CPU
	EndGlobalSection
	GlobalSection(ProjectConfigurationPlatforms) = postSolution
		{346D4AF4-186C-4CC3-AD3E-5AAA0081E597}.Debug|Any CPU.ActiveCfg = Debug|Any CPU
		{346D4AF4-186C-4CC3-AD3E-5AAA0081E597}.Debug|Any CPU.Build.0 = Debug|Any CPU
		{346D4AF4-186C-4CC3-AD3E-5AAA0081E597}.Release|Any CPU.ActiveCfg = Release|Any CPU
		{346D4AF4-186C-4CC3-AD3E-5AAA0081E597}.Release|Any CPU.Build.0 = Release|Any CPU
		{C4E2944C-C878-4256-BD9C-8D61ECF33A6C}.Debug|Any CPU.ActiveCfg = Debug|Any CPU
		{C4E2944C-C878-4256-BD9C-8D61ECF33A6C}.Debug|Any CPU.Build.0 = Debug|Any CPU
		{C4E2944C-C878-4256-BD9C-8D61ECF33A6C}.Release|Any CPU.ActiveCfg = Release|Any CPU
		{C4E2944C-C878-4256-BD9C-8D61ECF33A6C}.Release|Any CPU.Build.0 = Release|Any CPU
		{3AA32B22-450C-49D6-843C-FAF37C5F6C45}.Debug|Any CPU.ActiveCfg = Debug|Any CPU
		{3AA32B22-450C-49D6-843C-FAF37C5F6C45}.Debug|Any CPU.Build.0 = Debug|Any CPU
		{3AA32B22-450C-49D6-843C-FAF37C5F6C45}.Release|Any CPU.ActiveCfg = Release|Any CPU
		{3AA32B22-450C-49D6-843C-FAF37C5F6C45}.Release|Any CPU.Build.0 = Release|Any CPU
		{5E5994D6-9F2A-4373-849B-48FE34AB7083}.Debug|Any CPU.ActiveCfg = Debug|Any CPU
		{5E5994D6-9F2A-4373-849B-48FE34AB7083}.Debug|Any CPU.Build.0 = Debug|Any CPU
		{5E5994D6-9F2A-4373-849B-48FE34AB7083}.Release|Any CPU.ActiveCfg = Release|Any CPU
		{5E5994D6-9F2A-4373-849B-48FE34AB7083}.Release|Any CPU.Build.0 = Release|Any CPU
		{F3605FB8-6F00-4C9A-A8D7-80F8A1F0F687}.Debug|Any CPU.ActiveCfg = Debug|Any CPU
		{F3605FB8-6F00-4C9A-A8D7-80F8A1F0F687}.Debug|Any CPU.Build.0 = Debug|Any CPU
		{F3605FB8-6F00-4C9A-A8D7-80F8A1F0F687}.Release|Any CPU.ActiveCfg = Release|Any CPU
		{F3605FB8-6F00-4C9A-A8D7-80F8A1F0F687}.Release|Any CPU.Build.0 = Release|Any CPU
		{87A616C2-92BB-4EFE-B2C6-85CFE4456F62}.Debug|Any CPU.ActiveCfg = Debug|Any CPU
		{87A616C2-92BB-4EFE-B2C6-85CFE4456F62}.Debug|Any CPU.Build.0 = Debug|Any CPU
		{87A616C2-92BB-4EFE-B2C6-85CFE4456F62}.Release|Any CPU.ActiveCfg = Release|Any CPU
		{87A616C2-92BB-4EFE-B2C6-85CFE4456F62}.Release|Any CPU.Build.0 = Release|Any CPU
		{6D98C81E-F42C-41A0-B075-1C071FD3908F}.Debug|Any CPU.ActiveCfg = Debug|Any CPU
		{6D98C81E-F42C-41A0-B075-1C071FD3908F}.Debug|Any CPU.Build.0 = Debug|Any CPU
		{6D98C81E-F42C-41A0-B075-1C071FD3908F}.Release|Any CPU.ActiveCfg = Release|Any CPU
		{6D98C81E-F42C-41A0-B075-1C071FD3908F}.Release|Any CPU.Build.0 = Release|Any CPU
		{C64F7A3A-09F5-427C-934F-F631B2E08828}.Debug|Any CPU.ActiveCfg = Debug|Any CPU
		{C64F7A3A-09F5-427C-934F-F631B2E08828}.Debug|Any CPU.Build.0 = Debug|Any CPU
		{C64F7A3A-09F5-427C-934F-F631B2E08828}.Release|Any CPU.ActiveCfg = Release|Any CPU
		{C64F7A3A-09F5-427C-934F-F631B2E08828}.Release|Any CPU.Build.0 = Release|Any CPU
		{B3096B44-EEBE-46AF-85FD-8144CE30DCD8}.Debug|Any CPU.ActiveCfg = Debug|Any CPU
		{B3096B44-EEBE-46AF-85FD-8144CE30DCD8}.Debug|Any CPU.Build.0 = Debug|Any CPU
		{B3096B44-EEBE-46AF-85FD-8144CE30DCD8}.Release|Any CPU.ActiveCfg = Release|Any CPU
		{B3096B44-EEBE-46AF-85FD-8144CE30DCD8}.Release|Any CPU.Build.0 = Release|Any CPU
		{B8AC3D42-73A3-4882-9CFB-5E3750FC0B4A}.Debug|Any CPU.ActiveCfg = Debug|Any CPU
		{B8AC3D42-73A3-4882-9CFB-5E3750FC0B4A}.Debug|Any CPU.Build.0 = Debug|Any CPU
		{B8AC3D42-73A3-4882-9CFB-5E3750FC0B4A}.Release|Any CPU.ActiveCfg = Release|Any CPU
		{B8AC3D42-73A3-4882-9CFB-5E3750FC0B4A}.Release|Any CPU.Build.0 = Release|Any CPU
		{D14C8379-C8CB-416A-A98C-D9EF8AD8F0A7}.Debug|Any CPU.ActiveCfg = Debug|Any CPU
		{D14C8379-C8CB-416A-A98C-D9EF8AD8F0A7}.Debug|Any CPU.Build.0 = Debug|Any CPU
		{D14C8379-C8CB-416A-A98C-D9EF8AD8F0A7}.Release|Any CPU.ActiveCfg = Release|Any CPU
		{D14C8379-C8CB-416A-A98C-D9EF8AD8F0A7}.Release|Any CPU.Build.0 = Release|Any CPU
		{5213CE36-0B1E-445E-89A8-7CD1CFEA15A6}.Debug|Any CPU.ActiveCfg = Debug|Any CPU
		{5213CE36-0B1E-445E-89A8-7CD1CFEA15A6}.Debug|Any CPU.Build.0 = Debug|Any CPU
		{5213CE36-0B1E-445E-89A8-7CD1CFEA15A6}.Release|Any CPU.ActiveCfg = Release|Any CPU
		{5213CE36-0B1E-445E-89A8-7CD1CFEA15A6}.Release|Any CPU.Build.0 = Release|Any CPU
		{9BD64D79-61ED-4C1A-8632-68BB372D0FF8}.Debug|Any CPU.ActiveCfg = Debug|Any CPU
		{9BD64D79-61ED-4C1A-8632-68BB372D0FF8}.Debug|Any CPU.Build.0 = Debug|Any CPU
		{9BD64D79-61ED-4C1A-8632-68BB372D0FF8}.Release|Any CPU.ActiveCfg = Release|Any CPU
		{9BD64D79-61ED-4C1A-8632-68BB372D0FF8}.Release|Any CPU.Build.0 = Release|Any CPU
		{12FCB5A0-51CD-4341-9274-19B076B942BF}.Debug|Any CPU.ActiveCfg = Debug|Any CPU
		{12FCB5A0-51CD-4341-9274-19B076B942BF}.Debug|Any CPU.Build.0 = Debug|Any CPU
		{12FCB5A0-51CD-4341-9274-19B076B942BF}.Release|Any CPU.ActiveCfg = Release|Any CPU
		{12FCB5A0-51CD-4341-9274-19B076B942BF}.Release|Any CPU.Build.0 = Release|Any CPU
		{02E487C8-6533-4A84-B038-519DB378399B}.Debug|Any CPU.ActiveCfg = Debug|Any CPU
		{02E487C8-6533-4A84-B038-519DB378399B}.Debug|Any CPU.Build.0 = Debug|Any CPU
		{02E487C8-6533-4A84-B038-519DB378399B}.Release|Any CPU.ActiveCfg = Release|Any CPU
		{02E487C8-6533-4A84-B038-519DB378399B}.Release|Any CPU.Build.0 = Release|Any CPU
		{0B35D0D1-EAB1-4339-AC90-7DA9CDE8C27C}.Debug|Any CPU.ActiveCfg = Debug|Any CPU
		{0B35D0D1-EAB1-4339-AC90-7DA9CDE8C27C}.Debug|Any CPU.Build.0 = Debug|Any CPU
		{0B35D0D1-EAB1-4339-AC90-7DA9CDE8C27C}.Release|Any CPU.ActiveCfg = Release|Any CPU
		{0B35D0D1-EAB1-4339-AC90-7DA9CDE8C27C}.Release|Any CPU.Build.0 = Release|Any CPU
	EndGlobalSection
	GlobalSection(SolutionProperties) = preSolution
		HideSolutionNode = FALSE
	EndGlobalSection
	GlobalSection(ExtensibilityGlobals) = postSolution
		SolutionGuid = {DD1C77FE-BEFF-4521-9583-322186FD7139}
	EndGlobalSection
EndGlobal
