
Microsoft Visual Studio Solution File, Format Version 12.00
# Visual Studio Version 17
VisualStudioVersion = 17.11.35312.102
MinimumVisualStudioVersion = 10.0.40219.1
Project("{FAE04EC0-301F-11D3-BF4B-00C04F79EFBC}") = "QuestDay16", "QuestDay16\QuestDay16.csproj", "{33D7246A-6844-4C44-B562-EAF21A2D8463}"
EndProject
Global
	GlobalSection(SolutionConfigurationPlatforms) = preSolution
		Debug|Any CPU = Debug|Any CPU
		Release|Any CPU = Release|Any CPU
	EndGlobalSection
	GlobalSection(ProjectConfigurationPlatforms) = postSolution
		{33D7246A-6844-4C44-B562-EAF21A2D8463}.Debug|Any CPU.ActiveCfg = Debug|Any CPU
		{33D7246A-6844-4C44-B562-EAF21A2D8463}.Debug|Any CPU.Build.0 = Debug|Any CPU
		{33D7246A-6844-4C44-B562-EAF21A2D8463}.Release|Any CPU.ActiveCfg = Release|Any CPU
		{33D7246A-6844-4C44-B562-EAF21A2D8463}.Release|Any CPU.Build.0 = Release|Any CPU
	EndGlobalSection
	GlobalSection(SolutionProperties) = preSolution
		HideSolutionNode = FALSE
	EndGlobalSection
	GlobalSection(ExtensibilityGlobals) = postSolution
		SolutionGuid = {86CF33FE-3B73-44B1-AE30-4676F660F7F1}
	EndGlobalSection
EndGlobal
