
Microsoft Visual Studio Solution File, Format Version 12.00
# Visual Studio Version 17
VisualStudioVersion = 17.11.35312.102
MinimumVisualStudioVersion = 10.0.40219.1
Project("{FAE04EC0-301F-11D3-BF4B-00C04F79EFBC}") = "PatientDiagnosis", "PatientDiagnosis\PatientDiagnosis.csproj", "{C564060B-9044-4CB7-AB08-43651E4E452A}"
EndProject
Project("{FAE04EC0-301F-11D3-BF4B-00C04F79EFBC}") = "Inventorymanagement", "Inventorymanagement\Inventorymanagement.csproj", "{AFEC4127-B3CD-4841-B052-FACFB333EA32}"
EndProject
Project("{FAE04EC0-301F-11D3-BF4B-00C04F79EFBC}") = "ArrayResize", "ArrayResize\ArrayResize.csproj", "{129E2BB3-5BDE-491B-830E-9E83305E752C}"
EndProject
Global
	GlobalSection(SolutionConfigurationPlatforms) = preSolution
		Debug|Any CPU = Debug|Any CPU
		Release|Any CPU = Release|Any CPU
	EndGlobalSection
	GlobalSection(ProjectConfigurationPlatforms) = postSolution
		{C564060B-9044-4CB7-AB08-43651E4E452A}.Debug|Any CPU.ActiveCfg = Debug|Any CPU
		{C564060B-9044-4CB7-AB08-43651E4E452A}.Debug|Any CPU.Build.0 = Debug|Any CPU
		{C564060B-9044-4CB7-AB08-43651E4E452A}.Release|Any CPU.ActiveCfg = Release|Any CPU
		{C564060B-9044-4CB7-AB08-43651E4E452A}.Release|Any CPU.Build.0 = Release|Any CPU
		{AFEC4127-B3CD-4841-B052-FACFB333EA32}.Debug|Any CPU.ActiveCfg = Debug|Any CPU
		{AFEC4127-B3CD-4841-B052-FACFB333EA32}.Debug|Any CPU.Build.0 = Debug|Any CPU
		{AFEC4127-B3CD-4841-B052-FACFB333EA32}.Release|Any CPU.ActiveCfg = Release|Any CPU
		{AFEC4127-B3CD-4841-B052-FACFB333EA32}.Release|Any CPU.Build.0 = Release|Any CPU
		{129E2BB3-5BDE-491B-830E-9E83305E752C}.Debug|Any CPU.ActiveCfg = Debug|Any CPU
		{129E2BB3-5BDE-491B-830E-9E83305E752C}.Debug|Any CPU.Build.0 = Debug|Any CPU
		{129E2BB3-5BDE-491B-830E-9E83305E752C}.Release|Any CPU.ActiveCfg = Release|Any CPU
		{129E2BB3-5BDE-491B-830E-9E83305E752C}.Release|Any CPU.Build.0 = Release|Any CPU
	EndGlobalSection
	GlobalSection(SolutionProperties) = preSolution
		HideSolutionNode = FALSE
	EndGlobalSection
	GlobalSection(ExtensibilityGlobals) = postSolution
		SolutionGuid = {5A91B433-EE3F-4AAB-8E96-962BF2D995E1}
	EndGlobalSection
EndGlobal
